
Microsoft Visual Studio Solution File, Format Version 12.00
# Visual Studio 15
VisualStudioVersion = 15.0.27703.1
MinimumVisualStudioVersion = 10.0.40219.1
Project("{FAE04EC0-301F-11D3-BF4B-00C04F79EFBC}") = "SeleniumR1", "SeleniumR1\SeleniumR1.csproj", "{E618D2AD-44E6-40C2-9B72-60995105B863}"
EndProject
Global
	GlobalSection(SolutionConfigurationPlatforms) = preSolution
		Debug|Any CPU = Debug|Any CPU
		Release|Any CPU = Release|Any CPU
	EndGlobalSection
	GlobalSection(ProjectConfigurationPlatforms) = postSolution
		{E618D2AD-44E6-40C2-9B72-60995105B863}.Debug|Any CPU.ActiveCfg = Debug|Any CPU
		{E618D2AD-44E6-40C2-9B72-60995105B863}.Debug|Any CPU.Build.0 = Debug|Any CPU
		{E618D2AD-44E6-40C2-9B72-60995105B863}.Release|Any CPU.ActiveCfg = Release|Any CPU
		{E618D2AD-44E6-40C2-9B72-60995105B863}.Release|Any CPU.Build.0 = Release|Any CPU
	EndGlobalSection
	GlobalSection(SolutionProperties) = preSolution
		HideSolutionNode = FALSE
	EndGlobalSection
	GlobalSection(ExtensibilityGlobals) = postSolution
		SolutionGuid = {2AE0097D-C75B-4949-921C-F63499B464DD}
	EndGlobalSection
EndGlobal
